
Microsoft Visual Studio Solution File, Format Version 12.00
# Visual Studio Version 16
VisualStudioVersion = 16.0.29503.13
MinimumVisualStudioVersion = 10.0.40219.1
Project("{FAE04EC0-301F-11D3-BF4B-00C04F79EFBC}") = "Calculator", "Calculator.csproj", "{88065571-7B6D-4A2C-8594-E15FDC1775FF}"
EndProject
Project("{FAE04EC0-301F-11D3-BF4B-00C04F79EFBC}") = "CalculatorTest", "..\CalculatorTest\CalculatorTest.csproj", "{4D5EE839-3222-47BB-B84E-47311CF6D016}"
	ProjectSection(ProjectDependencies) = postProject
		{88065571-7B6D-4A2C-8594-E15FDC1775FF} = {88065571-7B6D-4A2C-8594-E15FDC1775FF}
	EndProjectSection
EndProject
Global
	GlobalSection(SolutionConfigurationPlatforms) = preSolution
		Debug|Any CPU = Debug|Any CPU
		Release|Any CPU = Release|Any CPU
	EndGlobalSection
	GlobalSection(ProjectConfigurationPlatforms) = postSolution
		{88065571-7B6D-4A2C-8594-E15FDC1775FF}.Debug|Any CPU.ActiveCfg = Debug|Any CPU
		{88065571-7B6D-4A2C-8594-E15FDC1775FF}.Debug|Any CPU.Build.0 = Debug|Any CPU
		{88065571-7B6D-4A2C-8594-E15FDC1775FF}.Release|Any CPU.ActiveCfg = Release|Any CPU
		{88065571-7B6D-4A2C-8594-E15FDC1775FF}.Release|Any CPU.Build.0 = Release|Any CPU
		{4D5EE839-3222-47BB-B84E-47311CF6D016}.Debug|Any CPU.ActiveCfg = Debug|Any CPU
		{4D5EE839-3222-47BB-B84E-47311CF6D016}.Debug|Any CPU.Build.0 = Debug|Any CPU
		{4D5EE839-3222-47BB-B84E-47311CF6D016}.Release|Any CPU.ActiveCfg = Release|Any CPU
		{4D5EE839-3222-47BB-B84E-47311CF6D016}.Release|Any CPU.Build.0 = Release|Any CPU
	EndGlobalSection
	GlobalSection(SolutionProperties) = preSolution
		HideSolutionNode = FALSE
	EndGlobalSection
	GlobalSection(ExtensibilityGlobals) = postSolution
		SolutionGuid = {97778092-C6C2-4758-9BFC-5EDF4C1EA452}
	EndGlobalSection
EndGlobal
